// !$*UTF8*$!
{
	archiveVersion = 1;
	classes = {
	};
	objectVersion = 56;
	objects = {

/* Begin PBXBuildFile section */
		9602C4752A1D963300EF38E3 /* GestureMain.swift in Sources */ = {isa = PBXBuildFile; fileRef = 9602C4742A1D963300EF38E3 /* GestureMain.swift */; };
		9602C4772A1D971300EF38E3 /* MagnificationGestureTest.swift in Sources */ = {isa = PBXBuildFile; fileRef = 9602C4762A1D971300EF38E3 /* MagnificationGestureTest.swift */; };
		9605E22B2A0A4AA400EF0D05 /* GGGView.swift in Sources */ = {isa = PBXBuildFile; fileRef = 9605E22A2A0A4AA400EF0D05 /* GGGView.swift */; };
		960969102A0B2EC0004D2041 /* GGGViewModel.swift in Sources */ = {isa = PBXBuildFile; fileRef = 9609690F2A0B2EC0004D2041 /* GGGViewModel.swift */; };
		9610A9592A306BAE0010AC4D /* UnsafeRawPointerTest.swift in Sources */ = {isa = PBXBuildFile; fileRef = 9610A9582A306BAE0010AC4D /* UnsafeRawPointerTest.swift */; };
		961442532A1756910003643B /* DragGestureTest.swift in Sources */ = {isa = PBXBuildFile; fileRef = 961442522A1756910003643B /* DragGestureTest.swift */; };
		961442562A17638A0003643B /* UIViewWrap.swift in Sources */ = {isa = PBXBuildFile; fileRef = 961442552A17638A0003643B /* UIViewWrap.swift */; };
		961DC5522A2DB67900E1A915 /* UnsafeMain.swift in Sources */ = {isa = PBXBuildFile; fileRef = 961DC5512A2DB67900E1A915 /* UnsafeMain.swift */; };
		961DC5542A2DB6F600E1A915 /* UnsafeBufferPointerTest.swift in Sources */ = {isa = PBXBuildFile; fileRef = 961DC5532A2DB6F600E1A915 /* UnsafeBufferPointerTest.swift */; };
		961DC5562A2DCC8A00E1A915 /* UnsafeMutableBufferPointerTest.swift in Sources */ = {isa = PBXBuildFile; fileRef = 961DC5552A2DCC8A00E1A915 /* UnsafeMutableBufferPointerTest.swift */; };
		962283852A49336300F63DA0 /* StringComparator.swift in Sources */ = {isa = PBXBuildFile; fileRef = 962283842A49336300F63DA0 /* StringComparator.swift */; };
		962283882A493F3F00F63DA0 /* Localizable.strings in Resources */ = {isa = PBXBuildFile; fileRef = 9622838A2A493F3F00F63DA0 /* Localizable.strings */; };
		9622838C2A497EC700F63DA0 /* ArrayTest.swift in Sources */ = {isa = PBXBuildFile; fileRef = 9622838B2A497EC700F63DA0 /* ArrayTest.swift */; };
		962B7A712A1F070000A2633E /* GenericsMain.swift in Sources */ = {isa = PBXBuildFile; fileRef = 962B7A702A1F070000A2633E /* GenericsMain.swift */; };
		962B7A732A1F0A6A00A2633E /* ProtocolGenerics.swift in Sources */ = {isa = PBXBuildFile; fileRef = 962B7A722A1F0A6A00A2633E /* ProtocolGenerics.swift */; };
		962B7A752A1F2ECF00A2633E /* ProtocolTest.swift in Sources */ = {isa = PBXBuildFile; fileRef = 962B7A742A1F2ECF00A2633E /* ProtocolTest.swift */; };
		962B7A772A1F494700A2633E /* GenericsTest.swift in Sources */ = {isa = PBXBuildFile; fileRef = 962B7A762A1F494700A2633E /* GenericsTest.swift */; };
		9640EC7B2A42A33900FE7A76 /* Test.txt in Resources */ = {isa = PBXBuildFile; fileRef = 9640EC7A2A42A33900FE7A76 /* Test.txt */; };
		9640EC7D2A42D1BF00FE7A76 /* MyCustomSequence.swift in Sources */ = {isa = PBXBuildFile; fileRef = 9640EC7C2A42D1BF00FE7A76 /* MyCustomSequence.swift */; };
		96468E5D2A33128C00740AB9 /* UnsafeRawBufferPointerTest.swift in Sources */ = {isa = PBXBuildFile; fileRef = 96468E5C2A33128C00740AB9 /* UnsafeRawBufferPointerTest.swift */; };
		964ECAC62A09DC99009356DA /* AsyncImageTest.swift in Sources */ = {isa = PBXBuildFile; fileRef = 964ECAC52A09DC99009356DA /* AsyncImageTest.swift */; };
		964ECACA2A0A031F009356DA /* BingoGameView.swift in Sources */ = {isa = PBXBuildFile; fileRef = 964ECAC92A0A031F009356DA /* BingoGameView.swift */; };
		964ECACC2A0A13A8009356DA /* BingoPlayground.swift in Sources */ = {isa = PBXBuildFile; fileRef = 964ECACB2A0A13A8009356DA /* BingoPlayground.swift */; };
		964ECACF2A0A2B98009356DA /* BingoPlayer.swift in Sources */ = {isa = PBXBuildFile; fileRef = 964ECACE2A0A2B98009356DA /* BingoPlayer.swift */; };
		964ECAD12A0A2BC6009356DA /* BingoData.swift in Sources */ = {isa = PBXBuildFile; fileRef = 964ECAD02A0A2BC6009356DA /* BingoData.swift */; };
		964ECAD32A0A2BE7009356DA /* BingoDataManager.swift in Sources */ = {isa = PBXBuildFile; fileRef = 964ECAD22A0A2BE7009356DA /* BingoDataManager.swift */; };
		964ECAD52A0A2C18009356DA /* BingoCellViewModel.swift in Sources */ = {isa = PBXBuildFile; fileRef = 964ECAD42A0A2C18009356DA /* BingoCellViewModel.swift */; };
		964ECAD72A0A2C34009356DA /* BingoBoard.swift in Sources */ = {isa = PBXBuildFile; fileRef = 964ECAD62A0A2C34009356DA /* BingoBoard.swift */; };
		964ECAD92A0A2C52009356DA /* BingoGameViewModel.swift in Sources */ = {isa = PBXBuildFile; fileRef = 964ECAD82A0A2C52009356DA /* BingoGameViewModel.swift */; };
		964ECADB2A0A2C9C009356DA /* BingoCellView.swift in Sources */ = {isa = PBXBuildFile; fileRef = 964ECADA2A0A2C9C009356DA /* BingoCellView.swift */; };
		964ECADD2A0A2CD1009356DA /* ComputerPlayer.swift in Sources */ = {isa = PBXBuildFile; fileRef = 964ECADC2A0A2CD1009356DA /* ComputerPlayer.swift */; };
		965531D12A14AD1200732BBE /* ScrollViewTest.swift in Sources */ = {isa = PBXBuildFile; fileRef = 965531D02A14AD1200732BBE /* ScrollViewTest.swift */; };
		965BCA032A03610B004A3494 /* MyScene.swift in Sources */ = {isa = PBXBuildFile; fileRef = 965BCA022A03610B004A3494 /* MyScene.swift */; };
		965BCA292A03934F004A3494 /* ContentView.swift in Sources */ = {isa = PBXBuildFile; fileRef = ECB7361229FD793B007F6107 /* ContentView.swift */; };
		965BCA2B2A039D39004A3494 /* ZStackTest.swift in Sources */ = {isa = PBXBuildFile; fileRef = 965BCA2A2A039D39004A3494 /* ZStackTest.swift */; };
		965BCA2D2A03AC4F004A3494 /* GetSizeModifier.swift in Sources */ = {isa = PBXBuildFile; fileRef = 965BCA2C2A03AC4F004A3494 /* GetSizeModifier.swift */; };
		965D11572A399FE000EA5551 /* DoubleTest.swift in Sources */ = {isa = PBXBuildFile; fileRef = 965D11562A399FE000EA5551 /* DoubleTest.swift */; };
		9662FFBB2A36FDA0007A0D2B /* IntTest.swift in Sources */ = {isa = PBXBuildFile; fileRef = 9662FFBA2A36FDA0007A0D2B /* IntTest.swift */; };
		9662FFBD2A36FDEB007A0D2B /* ViewExtension.swift in Sources */ = {isa = PBXBuildFile; fileRef = 9662FFBC2A36FDEB007A0D2B /* ViewExtension.swift */; };
		9662FFC02A370082007A0D2B /* Logger.swift in Sources */ = {isa = PBXBuildFile; fileRef = 9662FFBF2A370082007A0D2B /* Logger.swift */; };
		967A92312A14A03600C0D733 /* CustomButton.swift in Sources */ = {isa = PBXBuildFile; fileRef = 967A92302A14A03600C0D733 /* CustomButton.swift */; };
		968475A02A283C29008068FB /* UnsafeTest.swift in Sources */ = {isa = PBXBuildFile; fileRef = 9684759F2A283C29008068FB /* UnsafeTest.swift */; };
		9693F4AB2A0884C900ADAE4A /* AppStorageTest.swift in Sources */ = {isa = PBXBuildFile; fileRef = 9693F4AA2A0884C900ADAE4A /* AppStorageTest.swift */; };
		9693F4AD2A0890E500ADAE4A /* ButtonTest.swift in Sources */ = {isa = PBXBuildFile; fileRef = 9693F4AC2A0890E500ADAE4A /* ButtonTest.swift */; };
		9693F4AF2A08914800ADAE4A /* SystemImageTest.swift in Sources */ = {isa = PBXBuildFile; fileRef = 9693F4AE2A08914800ADAE4A /* SystemImageTest.swift */; };
		9693F4B12A089B3000ADAE4A /* ImageTest.swift in Sources */ = {isa = PBXBuildFile; fileRef = 9693F4B02A089B3000ADAE4A /* ImageTest.swift */; };
		96B0A9BC2A136CA400B2C90E /* FontTest.swift in Sources */ = {isa = PBXBuildFile; fileRef = 96B0A9BB2A136CA400B2C90E /* FontTest.swift */; };
		96B0A9BE2A137C8000B2C90E /* TextTest.swift in Sources */ = {isa = PBXBuildFile; fileRef = 96B0A9BD2A137C8000B2C90E /* TextTest.swift */; };
		96D30CF42A3C48B400738F6B /* StringTest.swift in Sources */ = {isa = PBXBuildFile; fileRef = 96D30CF32A3C48B400738F6B /* StringTest.swift */; };
		EC0D36D32A27B4DD009DF78B /* ModalTest.swift in Sources */ = {isa = PBXBuildFile; fileRef = EC0D36D22A27B4DD009DF78B /* ModalTest.swift */; };
		ECA3B4102A4586530084B548 /* MyRandomNumberGenerator.swift in Sources */ = {isa = PBXBuildFile; fileRef = ECA3B40F2A4586530084B548 /* MyRandomNumberGenerator.swift */; };
		ECB7361129FD793B007F6107 /* SwiftUI01App.swift in Sources */ = {isa = PBXBuildFile; fileRef = ECB7361029FD793B007F6107 /* SwiftUI01App.swift */; };
		ECB7361529FD793C007F6107 /* Assets.xcassets in Resources */ = {isa = PBXBuildFile; fileRef = ECB7361429FD793C007F6107 /* Assets.xcassets */; };
		ECB7361829FD793C007F6107 /* Preview Assets.xcassets in Resources */ = {isa = PBXBuildFile; fileRef = ECB7361729FD793C007F6107 /* Preview Assets.xcassets */; };
		ECB7361F29FD7D6E007F6107 /* Test01.swift in Sources */ = {isa = PBXBuildFile; fileRef = ECB7361E29FD7D6E007F6107 /* Test01.swift */; };
		ECB7362129FD7F3D007F6107 /* NavigationManager.swift in Sources */ = {isa = PBXBuildFile; fileRef = ECB7362029FD7F3D007F6107 /* NavigationManager.swift */; };
		ECB7362329FD7FBA007F6107 /* Test02.swift in Sources */ = {isa = PBXBuildFile; fileRef = ECB7362229FD7FBA007F6107 /* Test02.swift */; };
		ECB7362529FD827A007F6107 /* Test03.swift in Sources */ = {isa = PBXBuildFile; fileRef = ECB7362429FD827A007F6107 /* Test03.swift */; };
		ECB7362729FD82F6007F6107 /* GZLog.swift in Sources */ = {isa = PBXBuildFile; fileRef = ECB7362629FD82F6007F6107 /* GZLog.swift */; };
		ECBA61B02A0160A400CF0B12 /* ViewModel.swift in Sources */ = {isa = PBXBuildFile; fileRef = ECBA61AF2A0160A400CF0B12 /* ViewModel.swift */; };
/* End PBXBuildFile section */

/* Begin PBXFileReference section */
		9602C4742A1D963300EF38E3 /* GestureMain.swift */ = {isa = PBXFileReference; lastKnownFileType = sourcecode.swift; path = GestureMain.swift; sourceTree = "<group>"; };
		9602C4762A1D971300EF38E3 /* MagnificationGestureTest.swift */ = {isa = PBXFileReference; lastKnownFileType = sourcecode.swift; path = MagnificationGestureTest.swift; sourceTree = "<group>"; };
		9605E22A2A0A4AA400EF0D05 /* GGGView.swift */ = {isa = PBXFileReference; lastKnownFileType = sourcecode.swift; path = GGGView.swift; sourceTree = "<group>"; };
		9609690F2A0B2EC0004D2041 /* GGGViewModel.swift */ = {isa = PBXFileReference; lastKnownFileType = sourcecode.swift; path = GGGViewModel.swift; sourceTree = "<group>"; };
		9610A9582A306BAE0010AC4D /* UnsafeRawPointerTest.swift */ = {isa = PBXFileReference; lastKnownFileType = sourcecode.swift; path = UnsafeRawPointerTest.swift; sourceTree = "<group>"; };
		961442522A1756910003643B /* DragGestureTest.swift */ = {isa = PBXFileReference; lastKnownFileType = sourcecode.swift; path = DragGestureTest.swift; sourceTree = "<group>"; };
		961442552A17638A0003643B /* UIViewWrap.swift */ = {isa = PBXFileReference; lastKnownFileType = sourcecode.swift; path = UIViewWrap.swift; sourceTree = "<group>"; };
		961DC5512A2DB67900E1A915 /* UnsafeMain.swift */ = {isa = PBXFileReference; lastKnownFileType = sourcecode.swift; path = UnsafeMain.swift; sourceTree = "<group>"; };
		961DC5532A2DB6F600E1A915 /* UnsafeBufferPointerTest.swift */ = {isa = PBXFileReference; lastKnownFileType = sourcecode.swift; path = UnsafeBufferPointerTest.swift; sourceTree = "<group>"; };
		961DC5552A2DCC8A00E1A915 /* UnsafeMutableBufferPointerTest.swift */ = {isa = PBXFileReference; lastKnownFileType = sourcecode.swift; path = UnsafeMutableBufferPointerTest.swift; sourceTree = "<group>"; };
		962283842A49336300F63DA0 /* StringComparator.swift */ = {isa = PBXFileReference; lastKnownFileType = sourcecode.swift; path = StringComparator.swift; sourceTree = "<group>"; };
		962283892A493F3F00F63DA0 /* en */ = {isa = PBXFileReference; lastKnownFileType = text.plist.strings; name = en; path = en.lproj/Localizable.strings; sourceTree = "<group>"; };
		9622838B2A497EC700F63DA0 /* ArrayTest.swift */ = {isa = PBXFileReference; lastKnownFileType = sourcecode.swift; path = ArrayTest.swift; sourceTree = "<group>"; };
		962B7A702A1F070000A2633E /* GenericsMain.swift */ = {isa = PBXFileReference; lastKnownFileType = sourcecode.swift; path = GenericsMain.swift; sourceTree = "<group>"; };
		962B7A722A1F0A6A00A2633E /* ProtocolGenerics.swift */ = {isa = PBXFileReference; lastKnownFileType = sourcecode.swift; path = ProtocolGenerics.swift; sourceTree = "<group>"; };
		962B7A742A1F2ECF00A2633E /* ProtocolTest.swift */ = {isa = PBXFileReference; lastKnownFileType = sourcecode.swift; path = ProtocolTest.swift; sourceTree = "<group>"; };
		962B7A762A1F494700A2633E /* GenericsTest.swift */ = {isa = PBXFileReference; lastKnownFileType = sourcecode.swift; path = GenericsTest.swift; sourceTree = "<group>"; };
		9640EC7A2A42A33900FE7A76 /* Test.txt */ = {isa = PBXFileReference; lastKnownFileType = text; path = Test.txt; sourceTree = "<group>"; };
		9640EC7C2A42D1BF00FE7A76 /* MyCustomSequence.swift */ = {isa = PBXFileReference; lastKnownFileType = sourcecode.swift; path = MyCustomSequence.swift; sourceTree = "<group>"; };
		96468E5C2A33128C00740AB9 /* UnsafeRawBufferPointerTest.swift */ = {isa = PBXFileReference; lastKnownFileType = sourcecode.swift; path = UnsafeRawBufferPointerTest.swift; sourceTree = "<group>"; };
		964ECAC52A09DC99009356DA /* AsyncImageTest.swift */ = {isa = PBXFileReference; lastKnownFileType = sourcecode.swift; path = AsyncImageTest.swift; sourceTree = "<group>"; };
		964ECAC92A0A031F009356DA /* BingoGameView.swift */ = {isa = PBXFileReference; lastKnownFileType = sourcecode.swift; path = BingoGameView.swift; sourceTree = "<group>"; };
		964ECACB2A0A13A8009356DA /* BingoPlayground.swift */ = {isa = PBXFileReference; lastKnownFileType = sourcecode.swift; path = BingoPlayground.swift; sourceTree = "<group>"; };
		964ECACE2A0A2B98009356DA /* BingoPlayer.swift */ = {isa = PBXFileReference; lastKnownFileType = sourcecode.swift; path = BingoPlayer.swift; sourceTree = "<group>"; };
		964ECAD02A0A2BC6009356DA /* BingoData.swift */ = {isa = PBXFileReference; lastKnownFileType = sourcecode.swift; path = BingoData.swift; sourceTree = "<group>"; };
		964ECAD22A0A2BE7009356DA /* BingoDataManager.swift */ = {isa = PBXFileReference; lastKnownFileType = sourcecode.swift; path = BingoDataManager.swift; sourceTree = "<group>"; };
		964ECAD42A0A2C18009356DA /* BingoCellViewModel.swift */ = {isa = PBXFileReference; lastKnownFileType = sourcecode.swift; path = BingoCellViewModel.swift; sourceTree = "<group>"; };
		964ECAD62A0A2C34009356DA /* BingoBoard.swift */ = {isa = PBXFileReference; lastKnownFileType = sourcecode.swift; path = BingoBoard.swift; sourceTree = "<group>"; };
		964ECAD82A0A2C52009356DA /* BingoGameViewModel.swift */ = {isa = PBXFileReference; lastKnownFileType = sourcecode.swift; path = BingoGameViewModel.swift; sourceTree = "<group>"; };
		964ECADA2A0A2C9C009356DA /* BingoCellView.swift */ = {isa = PBXFileReference; lastKnownFileType = sourcecode.swift; path = BingoCellView.swift; sourceTree = "<group>"; };
		964ECADC2A0A2CD1009356DA /* ComputerPlayer.swift */ = {isa = PBXFileReference; lastKnownFileType = sourcecode.swift; path = ComputerPlayer.swift; sourceTree = "<group>"; };
		965531D02A14AD1200732BBE /* ScrollViewTest.swift */ = {isa = PBXFileReference; lastKnownFileType = sourcecode.swift; path = ScrollViewTest.swift; sourceTree = "<group>"; };
		965BCA022A03610B004A3494 /* MyScene.swift */ = {isa = PBXFileReference; lastKnownFileType = sourcecode.swift; path = MyScene.swift; sourceTree = "<group>"; };
		965BCA2A2A039D39004A3494 /* ZStackTest.swift */ = {isa = PBXFileReference; lastKnownFileType = sourcecode.swift; path = ZStackTest.swift; sourceTree = "<group>"; };
		965BCA2C2A03AC4F004A3494 /* GetSizeModifier.swift */ = {isa = PBXFileReference; lastKnownFileType = sourcecode.swift; path = GetSizeModifier.swift; sourceTree = "<group>"; };
		965D11562A399FE000EA5551 /* DoubleTest.swift */ = {isa = PBXFileReference; lastKnownFileType = sourcecode.swift; path = DoubleTest.swift; sourceTree = "<group>"; };
		9662FFBA2A36FDA0007A0D2B /* IntTest.swift */ = {isa = PBXFileReference; lastKnownFileType = sourcecode.swift; path = IntTest.swift; sourceTree = "<group>"; };
		9662FFBC2A36FDEB007A0D2B /* ViewExtension.swift */ = {isa = PBXFileReference; lastKnownFileType = sourcecode.swift; path = ViewExtension.swift; sourceTree = "<group>"; };
		9662FFBF2A370082007A0D2B /* Logger.swift */ = {isa = PBXFileReference; lastKnownFileType = sourcecode.swift; path = Logger.swift; sourceTree = "<group>"; };
		967A92302A14A03600C0D733 /* CustomButton.swift */ = {isa = PBXFileReference; lastKnownFileType = sourcecode.swift; path = CustomButton.swift; sourceTree = "<group>"; };
		9684759F2A283C29008068FB /* UnsafeTest.swift */ = {isa = PBXFileReference; lastKnownFileType = sourcecode.swift; path = UnsafeTest.swift; sourceTree = "<group>"; };
		9693F4AA2A0884C900ADAE4A /* AppStorageTest.swift */ = {isa = PBXFileReference; lastKnownFileType = sourcecode.swift; path = AppStorageTest.swift; sourceTree = "<group>"; };
		9693F4AC2A0890E500ADAE4A /* ButtonTest.swift */ = {isa = PBXFileReference; lastKnownFileType = sourcecode.swift; path = ButtonTest.swift; sourceTree = "<group>"; };
		9693F4AE2A08914800ADAE4A /* SystemImageTest.swift */ = {isa = PBXFileReference; lastKnownFileType = sourcecode.swift; path = SystemImageTest.swift; sourceTree = "<group>"; };
		9693F4B02A089B3000ADAE4A /* ImageTest.swift */ = {isa = PBXFileReference; lastKnownFileType = sourcecode.swift; path = ImageTest.swift; sourceTree = "<group>"; };
		96B0A9BB2A136CA400B2C90E /* FontTest.swift */ = {isa = PBXFileReference; lastKnownFileType = sourcecode.swift; path = FontTest.swift; sourceTree = "<group>"; };
		96B0A9BD2A137C8000B2C90E /* TextTest.swift */ = {isa = PBXFileReference; lastKnownFileType = sourcecode.swift; path = TextTest.swift; sourceTree = "<group>"; };
		96D30CF32A3C48B400738F6B /* StringTest.swift */ = {isa = PBXFileReference; lastKnownFileType = sourcecode.swift; path = StringTest.swift; sourceTree = "<group>"; };
		EC0D36D22A27B4DD009DF78B /* ModalTest.swift */ = {isa = PBXFileReference; lastKnownFileType = sourcecode.swift; path = ModalTest.swift; sourceTree = "<group>"; };
		ECA3B40F2A4586530084B548 /* MyRandomNumberGenerator.swift */ = {isa = PBXFileReference; lastKnownFileType = sourcecode.swift; path = MyRandomNumberGenerator.swift; sourceTree = "<group>"; };
		ECB7360D29FD793B007F6107 /* SwiftUI01.app */ = {isa = PBXFileReference; explicitFileType = wrapper.application; includeInIndex = 0; path = SwiftUI01.app; sourceTree = BUILT_PRODUCTS_DIR; };
		ECB7361029FD793B007F6107 /* SwiftUI01App.swift */ = {isa = PBXFileReference; lastKnownFileType = sourcecode.swift; path = SwiftUI01App.swift; sourceTree = "<group>"; };
		ECB7361229FD793B007F6107 /* ContentView.swift */ = {isa = PBXFileReference; lastKnownFileType = sourcecode.swift; path = ContentView.swift; sourceTree = "<group>"; };
		ECB7361429FD793C007F6107 /* Assets.xcassets */ = {isa = PBXFileReference; lastKnownFileType = folder.assetcatalog; path = Assets.xcassets; sourceTree = "<group>"; };
		ECB7361729FD793C007F6107 /* Preview Assets.xcassets */ = {isa = PBXFileReference; lastKnownFileType = folder.assetcatalog; path = "Preview Assets.xcassets"; sourceTree = "<group>"; };
		ECB7361E29FD7D6E007F6107 /* Test01.swift */ = {isa = PBXFileReference; lastKnownFileType = sourcecode.swift; path = Test01.swift; sourceTree = "<group>"; };
		ECB7362029FD7F3D007F6107 /* NavigationManager.swift */ = {isa = PBXFileReference; lastKnownFileType = sourcecode.swift; path = NavigationManager.swift; sourceTree = "<group>"; };
		ECB7362229FD7FBA007F6107 /* Test02.swift */ = {isa = PBXFileReference; lastKnownFileType = sourcecode.swift; path = Test02.swift; sourceTree = "<group>"; };
		ECB7362429FD827A007F6107 /* Test03.swift */ = {isa = PBXFileReference; lastKnownFileType = sourcecode.swift; path = Test03.swift; sourceTree = "<group>"; };
		ECB7362629FD82F6007F6107 /* GZLog.swift */ = {isa = PBXFileReference; fileEncoding = 4; lastKnownFileType = sourcecode.swift; path = GZLog.swift; sourceTree = "<group>"; };
		ECBA61AF2A0160A400CF0B12 /* ViewModel.swift */ = {isa = PBXFileReference; lastKnownFileType = sourcecode.swift; path = ViewModel.swift; sourceTree = "<group>"; };
/* End PBXFileReference section */

/* Begin PBXFrameworksBuildPhase section */
		ECB7360A29FD793B007F6107 /* Frameworks */ = {
			isa = PBXFrameworksBuildPhase;
			buildActionMask = 2147483647;
			files = (
			);
			runOnlyForDeploymentPostprocessing = 0;
		};
/* End PBXFrameworksBuildPhase section */

/* Begin PBXGroup section */
		9602C4722A1D960400EF38E3 /* Gesture */ = {
			isa = PBXGroup;
			children = (
				9602C4732A1D961700EF38E3 /* Magnification */,
				961442542A17635A0003643B /* Drag */,
				9602C4742A1D963300EF38E3 /* GestureMain.swift */,
			);
			path = Gesture;
			sourceTree = "<group>";
		};
		9602C4732A1D961700EF38E3 /* Magnification */ = {
			isa = PBXGroup;
			children = (
				9602C4762A1D971300EF38E3 /* MagnificationGestureTest.swift */,
			);
			path = Magnification;
			sourceTree = "<group>";
		};
		961442542A17635A0003643B /* Drag */ = {
			isa = PBXGroup;
			children = (
				961442522A1756910003643B /* DragGestureTest.swift */,
				961442552A17638A0003643B /* UIViewWrap.swift */,
			);
			path = Drag;
			sourceTree = "<group>";
		};
		962B7A6F2A1F06F200A2633E /* Generics */ = {
			isa = PBXGroup;
			children = (
				962B7A702A1F070000A2633E /* GenericsMain.swift */,
				962B7A762A1F494700A2633E /* GenericsTest.swift */,
				962B7A722A1F0A6A00A2633E /* ProtocolGenerics.swift */,
				962B7A742A1F2ECF00A2633E /* ProtocolTest.swift */,
				9640EC7C2A42D1BF00FE7A76 /* MyCustomSequence.swift */,
			);
			path = Generics;
			sourceTree = "<group>";
		};
		964ECACD2A0A2B75009356DA /* Bingo */ = {
			isa = PBXGroup;
			children = (
				964ECACB2A0A13A8009356DA /* BingoPlayground.swift */,
				964ECACE2A0A2B98009356DA /* BingoPlayer.swift */,
				964ECAD02A0A2BC6009356DA /* BingoData.swift */,
				964ECAD22A0A2BE7009356DA /* BingoDataManager.swift */,
				964ECAC92A0A031F009356DA /* BingoGameView.swift */,
				964ECADC2A0A2CD1009356DA /* ComputerPlayer.swift */,
				964ECADA2A0A2C9C009356DA /* BingoCellView.swift */,
				964ECAD62A0A2C34009356DA /* BingoBoard.swift */,
				964ECAD42A0A2C18009356DA /* BingoCellViewModel.swift */,
				964ECAD82A0A2C52009356DA /* BingoGameViewModel.swift */,
			);
			path = Bingo;
			sourceTree = "<group>";
		};
		9662FFB92A36FD8E007A0D2B /* Standard */ = {
			isa = PBXGroup;
			children = (
				9662FFBA2A36FDA0007A0D2B /* IntTest.swift */,
				965D11562A399FE000EA5551 /* DoubleTest.swift */,
				96D30CF32A3C48B400738F6B /* StringTest.swift */,
				962283842A49336300F63DA0 /* StringComparator.swift */,
				ECA3B40F2A4586530084B548 /* MyRandomNumberGenerator.swift */,
				9622838B2A497EC700F63DA0 /* ArrayTest.swift */,
			);
			path = Standard;
			sourceTree = "<group>";
		};
		9662FFBE2A370077007A0D2B /* Logger */ = {
			isa = PBXGroup;
			children = (
				9662FFBF2A370082007A0D2B /* Logger.swift */,
			);
			path = Logger;
			sourceTree = "<group>";
		};
		9684759E2A283C17008068FB /* Unsafe */ = {
			isa = PBXGroup;
			children = (
				9684759F2A283C29008068FB /* UnsafeTest.swift */,
				961DC5512A2DB67900E1A915 /* UnsafeMain.swift */,
				961DC5532A2DB6F600E1A915 /* UnsafeBufferPointerTest.swift */,
				961DC5552A2DCC8A00E1A915 /* UnsafeMutableBufferPointerTest.swift */,
				9610A9582A306BAE0010AC4D /* UnsafeRawPointerTest.swift */,
				96468E5C2A33128C00740AB9 /* UnsafeRawBufferPointerTest.swift */,
			);
			path = Unsafe;
			sourceTree = "<group>";
		};
		96D99E3B2A1463180048D63E /* Button */ = {
			isa = PBXGroup;
			children = (
				9693F4AC2A0890E500ADAE4A /* ButtonTest.swift */,
				967A92302A14A03600C0D733 /* CustomButton.swift */,
			);
			path = Button;
			sourceTree = "<group>";
		};
		EC0D36D12A27B4CD009DF78B /* Modal */ = {
			isa = PBXGroup;
			children = (
				EC0D36D22A27B4DD009DF78B /* ModalTest.swift */,
			);
			path = Modal;
			sourceTree = "<group>";
		};
		ECB7360429FD793B007F6107 = {
			isa = PBXGroup;
			children = (
				9622838A2A493F3F00F63DA0 /* Localizable.strings */,
				ECB7360F29FD793B007F6107 /* SwiftUI01 */,
				ECB7360E29FD793B007F6107 /* Products */,
			);
			sourceTree = "<group>";
		};
		ECB7360E29FD793B007F6107 /* Products */ = {
			isa = PBXGroup;
			children = (
				ECB7360D29FD793B007F6107 /* SwiftUI01.app */,
			);
			name = Products;
			sourceTree = "<group>";
		};
		ECB7360F29FD793B007F6107 /* SwiftUI01 */ = {
			isa = PBXGroup;
			children = (
				9662FFBE2A370077007A0D2B /* Logger */,
				9662FFB92A36FD8E007A0D2B /* Standard */,
				9684759E2A283C17008068FB /* Unsafe */,
				EC0D36D12A27B4CD009DF78B /* Modal */,
				962B7A6F2A1F06F200A2633E /* Generics */,
				9602C4722A1D960400EF38E3 /* Gesture */,
				96D99E3B2A1463180048D63E /* Button */,
				ECB7361029FD793B007F6107 /* SwiftUI01App.swift */,
				965BCA022A03610B004A3494 /* MyScene.swift */,
				965BCA2C2A03AC4F004A3494 /* GetSizeModifier.swift */,
				ECB7362629FD82F6007F6107 /* GZLog.swift */,
				ECB7361229FD793B007F6107 /* ContentView.swift */,
				9605E22A2A0A4AA400EF0D05 /* GGGView.swift */,
				9609690F2A0B2EC0004D2041 /* GGGViewModel.swift */,
				9693F4AE2A08914800ADAE4A /* SystemImageTest.swift */,
				9693F4B02A089B3000ADAE4A /* ImageTest.swift */,
				964ECAC52A09DC99009356DA /* AsyncImageTest.swift */,
				9693F4AA2A0884C900ADAE4A /* AppStorageTest.swift */,
				965BCA2A2A039D39004A3494 /* ZStackTest.swift */,
				96B0A9BB2A136CA400B2C90E /* FontTest.swift */,
				96B0A9BD2A137C8000B2C90E /* TextTest.swift */,
				965531D02A14AD1200732BBE /* ScrollViewTest.swift */,
				ECBA61AF2A0160A400CF0B12 /* ViewModel.swift */,
				ECB7362029FD7F3D007F6107 /* NavigationManager.swift */,
				9662FFBC2A36FDEB007A0D2B /* ViewExtension.swift */,
				ECB7361E29FD7D6E007F6107 /* Test01.swift */,
				ECB7362229FD7FBA007F6107 /* Test02.swift */,
				ECB7362429FD827A007F6107 /* Test03.swift */,
				964ECACD2A0A2B75009356DA /* Bingo */,
				ECB7361429FD793C007F6107 /* Assets.xcassets */,
				9640EC7A2A42A33900FE7A76 /* Test.txt */,
				ECB7361629FD793C007F6107 /* Preview Content */,
			);
			path = SwiftUI01;
			sourceTree = "<group>";
		};
		ECB7361629FD793C007F6107 /* Preview Content */ = {
			isa = PBXGroup;
			children = (
				ECB7361729FD793C007F6107 /* Preview Assets.xcassets */,
			);
			path = "Preview Content";
			sourceTree = "<group>";
		};
/* End PBXGroup section */

/* Begin PBXNativeTarget section */
		ECB7360C29FD793B007F6107 /* SwiftUI01 */ = {
			isa = PBXNativeTarget;
			buildConfigurationList = ECB7361B29FD793C007F6107 /* Build configuration list for PBXNativeTarget "SwiftUI01" */;
			buildPhases = (
				ECB7360929FD793B007F6107 /* Sources */,
				ECB7360A29FD793B007F6107 /* Frameworks */,
				ECB7360B29FD793B007F6107 /* Resources */,
			);
			buildRules = (
			);
			dependencies = (
			);
			name = SwiftUI01;
			productName = SwiftUI01;
			productReference = ECB7360D29FD793B007F6107 /* SwiftUI01.app */;
			productType = "com.apple.product-type.application";
		};
/* End PBXNativeTarget section */

/* Begin PBXProject section */
		ECB7360529FD793B007F6107 /* Project object */ = {
			isa = PBXProject;
			attributes = {
				BuildIndependentTargetsInParallel = 1;
				LastSwiftUpdateCheck = 1430;
				LastUpgradeCheck = 1430;
				TargetAttributes = {
					ECB7360C29FD793B007F6107 = {
						CreatedOnToolsVersion = 14.3;
					};
				};
			};
			buildConfigurationList = ECB7360829FD793B007F6107 /* Build configuration list for PBXProject "SwiftUI01" */;
			compatibilityVersion = "Xcode 14.0";
			developmentRegion = en;
			hasScannedForEncodings = 0;
			knownRegions = (
				en,
				Base,
			);
			mainGroup = ECB7360429FD793B007F6107;
			productRefGroup = ECB7360E29FD793B007F6107 /* Products */;
			projectDirPath = "";
			projectRoot = "";
			targets = (
				ECB7360C29FD793B007F6107 /* SwiftUI01 */,
			);
		};
/* End PBXProject section */

/* Begin PBXResourcesBuildPhase section */
		ECB7360B29FD793B007F6107 /* Resources */ = {
			isa = PBXResourcesBuildPhase;
			buildActionMask = 2147483647;
			files = (
				ECB7361829FD793C007F6107 /* Preview Assets.xcassets in Resources */,
				962283882A493F3F00F63DA0 /* Localizable.strings in Resources */,
				ECB7361529FD793C007F6107 /* Assets.xcassets in Resources */,
				9640EC7B2A42A33900FE7A76 /* Test.txt in Resources */,
			);
			runOnlyForDeploymentPostprocessing = 0;
		};
/* End PBXResourcesBuildPhase section */

/* Begin PBXSourcesBuildPhase section */
		ECB7360929FD793B007F6107 /* Sources */ = {
			isa = PBXSourcesBuildPhase;
			buildActionMask = 2147483647;
			files = (
				964ECAC62A09DC99009356DA /* AsyncImageTest.swift in Sources */,
				9693F4B12A089B3000ADAE4A /* ImageTest.swift in Sources */,
				964ECAD52A0A2C18009356DA /* BingoCellViewModel.swift in Sources */,
				964ECACC2A0A13A8009356DA /* BingoPlayground.swift in Sources */,
				964ECAD72A0A2C34009356DA /* BingoBoard.swift in Sources */,
				ECB7362329FD7FBA007F6107 /* Test02.swift in Sources */,
				965BCA2B2A039D39004A3494 /* ZStackTest.swift in Sources */,
				964ECACF2A0A2B98009356DA /* BingoPlayer.swift in Sources */,
				965BCA032A03610B004A3494 /* MyScene.swift in Sources */,
				9622838C2A497EC700F63DA0 /* ArrayTest.swift in Sources */,
				9602C4772A1D971300EF38E3 /* MagnificationGestureTest.swift in Sources */,
				9662FFBD2A36FDEB007A0D2B /* ViewExtension.swift in Sources */,
				9640EC7D2A42D1BF00FE7A76 /* MyCustomSequence.swift in Sources */,
				964ECADD2A0A2CD1009356DA /* ComputerPlayer.swift in Sources */,
				965BCA2D2A03AC4F004A3494 /* GetSizeModifier.swift in Sources */,
				962B7A712A1F070000A2633E /* GenericsMain.swift in Sources */,
				968475A02A283C29008068FB /* UnsafeTest.swift in Sources */,
				962B7A772A1F494700A2633E /* GenericsTest.swift in Sources */,
				965D11572A399FE000EA5551 /* DoubleTest.swift in Sources */,
				96B0A9BC2A136CA400B2C90E /* FontTest.swift in Sources */,
				ECB7362729FD82F6007F6107 /* GZLog.swift in Sources */,
				ECB7362529FD827A007F6107 /* Test03.swift in Sources */,
				ECA3B4102A4586530084B548 /* MyRandomNumberGenerator.swift in Sources */,
				ECB7362129FD7F3D007F6107 /* NavigationManager.swift in Sources */,
				9602C4752A1D963300EF38E3 /* GestureMain.swift in Sources */,
				964ECADB2A0A2C9C009356DA /* BingoCellView.swift in Sources */,
				961442562A17638A0003643B /* UIViewWrap.swift in Sources */,
				964ECACA2A0A031F009356DA /* BingoGameView.swift in Sources */,
				EC0D36D32A27B4DD009DF78B /* ModalTest.swift in Sources */,
				9610A9592A306BAE0010AC4D /* UnsafeRawPointerTest.swift in Sources */,
				961DC5522A2DB67900E1A915 /* UnsafeMain.swift in Sources */,
				961DC5562A2DCC8A00E1A915 /* UnsafeMutableBufferPointerTest.swift in Sources */,
				967A92312A14A03600C0D733 /* CustomButton.swift in Sources */,
				965BCA292A03934F004A3494 /* ContentView.swift in Sources */,
				961442532A1756910003643B /* DragGestureTest.swift in Sources */,
				9693F4AD2A0890E500ADAE4A /* ButtonTest.swift in Sources */,
				9605E22B2A0A4AA400EF0D05 /* GGGView.swift in Sources */,
				964ECAD92A0A2C52009356DA /* BingoGameViewModel.swift in Sources */,
				96468E5D2A33128C00740AB9 /* UnsafeRawBufferPointerTest.swift in Sources */,
				962B7A752A1F2ECF00A2633E /* ProtocolTest.swift in Sources */,
				ECB7361129FD793B007F6107 /* SwiftUI01App.swift in Sources */,
				9662FFBB2A36FDA0007A0D2B /* IntTest.swift in Sources */,
				96B0A9BE2A137C8000B2C90E /* TextTest.swift in Sources */,
				964ECAD12A0A2BC6009356DA /* BingoData.swift in Sources */,
				965531D12A14AD1200732BBE /* ScrollViewTest.swift in Sources */,
				96D30CF42A3C48B400738F6B /* StringTest.swift in Sources */,
				960969102A0B2EC0004D2041 /* GGGViewModel.swift in Sources */,
				964ECAD32A0A2BE7009356DA /* BingoDataManager.swift in Sources */,
				962283852A49336300F63DA0 /* StringComparator.swift in Sources */,
				962B7A732A1F0A6A00A2633E /* ProtocolGenerics.swift in Sources */,
				9693F4AB2A0884C900ADAE4A /* AppStorageTest.swift in Sources */,
				9662FFC02A370082007A0D2B /* Logger.swift in Sources */,
				9693F4AF2A08914800ADAE4A /* SystemImageTest.swift in Sources */,
				961DC5542A2DB6F600E1A915 /* UnsafeBufferPointerTest.swift in Sources */,
				ECBA61B02A0160A400CF0B12 /* ViewModel.swift in Sources */,
				ECB7361F29FD7D6E007F6107 /* Test01.swift in Sources */,
			);
			runOnlyForDeploymentPostprocessing = 0;
		};
/* End PBXSourcesBuildPhase section */

/* Begin PBXVariantGroup section */
		9622838A2A493F3F00F63DA0 /* Localizable.strings */ = {
			isa = PBXVariantGroup;
			children = (
				962283892A493F3F00F63DA0 /* en */,
			);
			name = Localizable.strings;
			sourceTree = "<group>";
		};
/* End PBXVariantGroup section */

/* Begin XCBuildConfiguration section */
		ECB7361929FD793C007F6107 /* Debug */ = {
			isa = XCBuildConfiguration;
			buildSettings = {
				ALWAYS_SEARCH_USER_PATHS = NO;
				CLANG_ANALYZER_NONNULL = YES;
				CLANG_ANALYZER_NUMBER_OBJECT_CONVERSION = YES_AGGRESSIVE;
				CLANG_CXX_LANGUAGE_STANDARD = "gnu++20";
				CLANG_ENABLE_MODULES = YES;
				CLANG_ENABLE_OBJC_ARC = YES;
				CLANG_ENABLE_OBJC_WEAK = YES;
				CLANG_WARN_BLOCK_CAPTURE_AUTORELEASING = YES;
				CLANG_WARN_BOOL_CONVERSION = YES;
				CLANG_WARN_COMMA = YES;
				CLANG_WARN_CONSTANT_CONVERSION = YES;
				CLANG_WARN_DEPRECATED_OBJC_IMPLEMENTATIONS = YES;
				CLANG_WARN_DIRECT_OBJC_ISA_USAGE = YES_ERROR;
				CLANG_WARN_DOCUMENTATION_COMMENTS = YES;
				CLANG_WARN_EMPTY_BODY = YES;
				CLANG_WARN_ENUM_CONVERSION = YES;
				CLANG_WARN_INFINITE_RECURSION = YES;
				CLANG_WARN_INT_CONVERSION = YES;
				CLANG_WARN_NON_LITERAL_NULL_CONVERSION = YES;
				CLANG_WARN_OBJC_IMPLICIT_RETAIN_SELF = YES;
				CLANG_WARN_OBJC_LITERAL_CONVERSION = YES;
				CLANG_WARN_OBJC_ROOT_CLASS = YES_ERROR;
				CLANG_WARN_QUOTED_INCLUDE_IN_FRAMEWORK_HEADER = YES;
				CLANG_WARN_RANGE_LOOP_ANALYSIS = YES;
				CLANG_WARN_STRICT_PROTOTYPES = YES;
				CLANG_WARN_SUSPICIOUS_MOVE = YES;
				CLANG_WARN_UNGUARDED_AVAILABILITY = YES_AGGRESSIVE;
				CLANG_WARN_UNREACHABLE_CODE = YES;
				CLANG_WARN__DUPLICATE_METHOD_MATCH = YES;
				COPY_PHASE_STRIP = NO;
				DEBUG_INFORMATION_FORMAT = dwarf;
				ENABLE_STRICT_OBJC_MSGSEND = YES;
				ENABLE_TESTABILITY = YES;
				GCC_C_LANGUAGE_STANDARD = gnu11;
				GCC_DYNAMIC_NO_PIC = NO;
				GCC_NO_COMMON_BLOCKS = YES;
				GCC_OPTIMIZATION_LEVEL = 0;
				GCC_PREPROCESSOR_DEFINITIONS = (
					"DEBUG=1",
					"$(inherited)",
				);
				GCC_WARN_64_TO_32_BIT_CONVERSION = YES;
				GCC_WARN_ABOUT_RETURN_TYPE = YES_ERROR;
				GCC_WARN_UNDECLARED_SELECTOR = YES;
				GCC_WARN_UNINITIALIZED_AUTOS = YES_AGGRESSIVE;
				GCC_WARN_UNUSED_FUNCTION = YES;
				GCC_WARN_UNUSED_VARIABLE = YES;
				IPHONEOS_DEPLOYMENT_TARGET = 16.4;
				MTL_ENABLE_DEBUG_INFO = INCLUDE_SOURCE;
				MTL_FAST_MATH = YES;
				ONLY_ACTIVE_ARCH = YES;
				SDKROOT = iphoneos;
				SWIFT_ACTIVE_COMPILATION_CONDITIONS = DEBUG;
				SWIFT_OPTIMIZATION_LEVEL = "-Onone";
			};
			name = Debug;
		};
		ECB7361A29FD793C007F6107 /* Release */ = {
			isa = XCBuildConfiguration;
			buildSettings = {
				ALWAYS_SEARCH_USER_PATHS = NO;
				CLANG_ANALYZER_NONNULL = YES;
				CLANG_ANALYZER_NUMBER_OBJECT_CONVERSION = YES_AGGRESSIVE;
				CLANG_CXX_LANGUAGE_STANDARD = "gnu++20";
				CLANG_ENABLE_MODULES = YES;
				CLANG_ENABLE_OBJC_ARC = YES;
				CLANG_ENABLE_OBJC_WEAK = YES;
				CLANG_WARN_BLOCK_CAPTURE_AUTORELEASING = YES;
				CLANG_WARN_BOOL_CONVERSION = YES;
				CLANG_WARN_COMMA = YES;
				CLANG_WARN_CONSTANT_CONVERSION = YES;
				CLANG_WARN_DEPRECATED_OBJC_IMPLEMENTATIONS = YES;
				CLANG_WARN_DIRECT_OBJC_ISA_USAGE = YES_ERROR;
				CLANG_WARN_DOCUMENTATION_COMMENTS = YES;
				CLANG_WARN_EMPTY_BODY = YES;
				CLANG_WARN_ENUM_CONVERSION = YES;
				CLANG_WARN_INFINITE_RECURSION = YES;
				CLANG_WARN_INT_CONVERSION = YES;
				CLANG_WARN_NON_LITERAL_NULL_CONVERSION = YES;
				CLANG_WARN_OBJC_IMPLICIT_RETAIN_SELF = YES;
				CLANG_WARN_OBJC_LITERAL_CONVERSION = YES;
				CLANG_WARN_OBJC_ROOT_CLASS = YES_ERROR;
				CLANG_WARN_QUOTED_INCLUDE_IN_FRAMEWORK_HEADER = YES;
				CLANG_WARN_RANGE_LOOP_ANALYSIS = YES;
				CLANG_WARN_STRICT_PROTOTYPES = YES;
				CLANG_WARN_SUSPICIOUS_MOVE = YES;
				CLANG_WARN_UNGUARDED_AVAILABILITY = YES_AGGRESSIVE;
				CLANG_WARN_UNREACHABLE_CODE = YES;
				CLANG_WARN__DUPLICATE_METHOD_MATCH = YES;
				COPY_PHASE_STRIP = NO;
				DEBUG_INFORMATION_FORMAT = "dwarf-with-dsym";
				ENABLE_NS_ASSERTIONS = NO;
				ENABLE_STRICT_OBJC_MSGSEND = YES;
				GCC_C_LANGUAGE_STANDARD = gnu11;
				GCC_NO_COMMON_BLOCKS = YES;
				GCC_WARN_64_TO_32_BIT_CONVERSION = YES;
				GCC_WARN_ABOUT_RETURN_TYPE = YES_ERROR;
				GCC_WARN_UNDECLARED_SELECTOR = YES;
				GCC_WARN_UNINITIALIZED_AUTOS = YES_AGGRESSIVE;
				GCC_WARN_UNUSED_FUNCTION = YES;
				GCC_WARN_UNUSED_VARIABLE = YES;
				IPHONEOS_DEPLOYMENT_TARGET = 16.4;
				MTL_ENABLE_DEBUG_INFO = NO;
				MTL_FAST_MATH = YES;
				SDKROOT = iphoneos;
				SWIFT_COMPILATION_MODE = wholemodule;
				SWIFT_OPTIMIZATION_LEVEL = "-O";
				VALIDATE_PRODUCT = YES;
			};
			name = Release;
		};
		ECB7361C29FD793C007F6107 /* Debug */ = {
			isa = XCBuildConfiguration;
			buildSettings = {
				ASSETCATALOG_COMPILER_APPICON_NAME = AppIcon;
				ASSETCATALOG_COMPILER_GLOBAL_ACCENT_COLOR_NAME = AccentColor;
				CODE_SIGN_STYLE = Automatic;
				CURRENT_PROJECT_VERSION = 1;
				DEVELOPMENT_ASSET_PATHS = "\"SwiftUI01/Preview Content\"";
				DEVELOPMENT_TEAM = J8647L48BZ;
				ENABLE_PREVIEWS = YES;
				GENERATE_INFOPLIST_FILE = YES;
				INFOPLIST_KEY_UIApplicationSceneManifest_Generation = YES;
				INFOPLIST_KEY_UIApplicationSupportsIndirectInputEvents = YES;
				INFOPLIST_KEY_UILaunchScreen_Generation = YES;
				INFOPLIST_KEY_UISupportedInterfaceOrientations_iPad = "UIInterfaceOrientationPortrait UIInterfaceOrientationPortraitUpsideDown UIInterfaceOrientationLandscapeLeft UIInterfaceOrientationLandscapeRight";
				INFOPLIST_KEY_UISupportedInterfaceOrientations_iPhone = "UIInterfaceOrientationPortrait UIInterfaceOrientationLandscapeLeft UIInterfaceOrientationLandscapeRight";
				LD_RUNPATH_SEARCH_PATHS = (
					"$(inherited)",
					"@executable_path/Frameworks",
				);
				MARKETING_VERSION = 1.0;
				PRODUCT_BUNDLE_IDENTIFIER = g.SwiftUI01;
				PRODUCT_NAME = "$(TARGET_NAME)";
				SWIFT_EMIT_LOC_STRINGS = YES;
				SWIFT_VERSION = 5.0;
				TARGETED_DEVICE_FAMILY = "1,2";
			};
			name = Debug;
		};
		ECB7361D29FD793C007F6107 /* Release */ = {
			isa = XCBuildConfiguration;
			buildSettings = {
				ASSETCATALOG_COMPILER_APPICON_NAME = AppIcon;
				ASSETCATALOG_COMPILER_GLOBAL_ACCENT_COLOR_NAME = AccentColor;
				CODE_SIGN_STYLE = Automatic;
				CURRENT_PROJECT_VERSION = 1;
				DEVELOPMENT_ASSET_PATHS = "\"SwiftUI01/Preview Content\"";
				DEVELOPMENT_TEAM = J8647L48BZ;
				ENABLE_PREVIEWS = YES;
				GENERATE_INFOPLIST_FILE = YES;
				INFOPLIST_KEY_UIApplicationSceneManifest_Generation = YES;
				INFOPLIST_KEY_UIApplicationSupportsIndirectInputEvents = YES;
				INFOPLIST_KEY_UILaunchScreen_Generation = YES;
				INFOPLIST_KEY_UISupportedInterfaceOrientations_iPad = "UIInterfaceOrientationPortrait UIInterfaceOrientationPortraitUpsideDown UIInterfaceOrientationLandscapeLeft UIInterfaceOrientationLandscapeRight";
				INFOPLIST_KEY_UISupportedInterfaceOrientations_iPhone = "UIInterfaceOrientationPortrait UIInterfaceOrientationLandscapeLeft UIInterfaceOrientationLandscapeRight";
				LD_RUNPATH_SEARCH_PATHS = (
					"$(inherited)",
					"@executable_path/Frameworks",
				);
				MARKETING_VERSION = 1.0;
				PRODUCT_BUNDLE_IDENTIFIER = g.SwiftUI01;
				PRODUCT_NAME = "$(TARGET_NAME)";
				SWIFT_EMIT_LOC_STRINGS = YES;
				SWIFT_VERSION = 5.0;
				TARGETED_DEVICE_FAMILY = "1,2";
			};
			name = Release;
		};
/* End XCBuildConfiguration section */

/* Begin XCConfigurationList section */
		ECB7360829FD793B007F6107 /* Build configuration list for PBXProject "SwiftUI01" */ = {
			isa = XCConfigurationList;
			buildConfigurations = (
				ECB7361929FD793C007F6107 /* Debug */,
				ECB7361A29FD793C007F6107 /* Release */,
			);
			defaultConfigurationIsVisible = 0;
			defaultConfigurationName = Release;
		};
		ECB7361B29FD793C007F6107 /* Build configuration list for PBXNativeTarget "SwiftUI01" */ = {
			isa = XCConfigurationList;
			buildConfigurations = (
				ECB7361C29FD793C007F6107 /* Debug */,
				ECB7361D29FD793C007F6107 /* Release */,
			);
			defaultConfigurationIsVisible = 0;
			defaultConfigurationName = Release;
		};
/* End XCConfigurationList section */
	};
	rootObject = ECB7360529FD793B007F6107 /* Project object */;
}
